
Microsoft Visual Studio Solution File, Format Version 12.00
# Visual Studio Version 17
VisualStudioVersion = 17.6.33723.286
MinimumVisualStudioVersion = 10.0.40219.1
Project("{FAE04EC0-301F-11D3-BF4B-00C04F79EFBC}") = "zadanie2_shvets", "zadanie2_shvets\zadanie2_shvets.csproj", "{27FDA99F-2A9D-402C-B0C9-2577FB3B83F6}"
EndProject
Global
	GlobalSection(SolutionConfigurationPlatforms) = preSolution
		Debug|Any CPU = Debug|Any CPU
		Release|Any CPU = Release|Any CPU
	EndGlobalSection
	GlobalSection(ProjectConfigurationPlatforms) = postSolution
		{27FDA99F-2A9D-402C-B0C9-2577FB3B83F6}.Debug|Any CPU.ActiveCfg = Debug|Any CPU
		{27FDA99F-2A9D-402C-B0C9-2577FB3B83F6}.Debug|Any CPU.Build.0 = Debug|Any CPU
		{27FDA99F-2A9D-402C-B0C9-2577FB3B83F6}.Release|Any CPU.ActiveCfg = Release|Any CPU
		{27FDA99F-2A9D-402C-B0C9-2577FB3B83F6}.Release|Any CPU.Build.0 = Release|Any CPU
	EndGlobalSection
	GlobalSection(SolutionProperties) = preSolution
		HideSolutionNode = FALSE
	EndGlobalSection
	GlobalSection(ExtensibilityGlobals) = postSolution
		SolutionGuid = {1B22887D-C5CB-4ECD-BF90-E020EC870328}
	EndGlobalSection
EndGlobal
